
Microsoft Visual Studio Solution File, Format Version 12.00
# Visual Studio Version 16
VisualStudioVersion = 16.0.32106.194
MinimumVisualStudioVersion = 10.0.40219.1
Project("{FAE04EC0-301F-11D3-BF4B-00C04F79EFBC}") = "SocialNetwork", "SocialNetwork\SocialNetwork.csproj", "{1C95607F-8AD9-4996-80A4-0903E45EBF16}"
EndProject
Global
	GlobalSection(SolutionConfigurationPlatforms) = preSolution
		Debug|Any CPU = Debug|Any CPU
		Release|Any CPU = Release|Any CPU
	EndGlobalSection
	GlobalSection(ProjectConfigurationPlatforms) = postSolution
		{1C95607F-8AD9-4996-80A4-0903E45EBF16}.Debug|Any CPU.ActiveCfg = Debug|Any CPU
		{1C95607F-8AD9-4996-80A4-0903E45EBF16}.Debug|Any CPU.Build.0 = Debug|Any CPU
		{1C95607F-8AD9-4996-80A4-0903E45EBF16}.Release|Any CPU.ActiveCfg = Release|Any CPU
		{1C95607F-8AD9-4996-80A4-0903E45EBF16}.Release|Any CPU.Build.0 = Release|Any CPU
	EndGlobalSection
	GlobalSection(SolutionProperties) = preSolution
		HideSolutionNode = FALSE
	EndGlobalSection
	GlobalSection(ExtensibilityGlobals) = postSolution
		SolutionGuid = {B6F1FF6D-C75F-44BD-B560-DF8E82AA1901}
	EndGlobalSection
EndGlobal
